
Microsoft Visual Studio Solution File, Format Version 12.00
# Visual Studio Version 17
VisualStudioVersion = 17.8.34309.116
MinimumVisualStudioVersion = 10.0.40219.1
Project("{FAE04EC0-301F-11D3-BF4B-00C04F79EFBC}") = "AdventOfCode2023.Shared", "AdventOfCode2023.Shared\AdventOfCode2023.Shared.csproj", "{C1EFC466-C9E6-4D18-AB07-571D66100171}"
EndProject
Project("{FAE04EC0-301F-11D3-BF4B-00C04F79EFBC}") = "AdventOfCode2023.Day01.ConsoleApp", "AdventOfCode2023.Day01.ConsoleApp\AdventOfCode2023.Day01.ConsoleApp.csproj", "{0785AF98-33BC-41AC-A7B4-B1AE99CD4615}"
EndProject
Project("{FAE04EC0-301F-11D3-BF4B-00C04F79EFBC}") = "AdventOfCode2023.Day02.ConsoleApp", "AdventOfCode2023.Day02.ConsoleApp\AdventOfCode2023.Day02.ConsoleApp.csproj", "{C25EA2B2-8BB9-424E-97E7-4A9E31C21B83}"
EndProject
Project("{FAE04EC0-301F-11D3-BF4B-00C04F79EFBC}") = "AdventOfCode2023.Day03.ConsoleApp", "AdventOfCode2023.Day03.ConsoleApp\AdventOfCode2023.Day03.ConsoleApp.csproj", "{8141FFC4-D9C1-466D-8C9F-8AEEABB078FC}"
EndProject
Global
	GlobalSection(SolutionConfigurationPlatforms) = preSolution
		Debug|Any CPU = Debug|Any CPU
		Release|Any CPU = Release|Any CPU
	EndGlobalSection
	GlobalSection(ProjectConfigurationPlatforms) = postSolution
		{C1EFC466-C9E6-4D18-AB07-571D66100171}.Debug|Any CPU.ActiveCfg = Debug|Any CPU
		{C1EFC466-C9E6-4D18-AB07-571D66100171}.Debug|Any CPU.Build.0 = Debug|Any CPU
		{C1EFC466-C9E6-4D18-AB07-571D66100171}.Release|Any CPU.ActiveCfg = Release|Any CPU
		{C1EFC466-C9E6-4D18-AB07-571D66100171}.Release|Any CPU.Build.0 = Release|Any CPU
		{0785AF98-33BC-41AC-A7B4-B1AE99CD4615}.Debug|Any CPU.ActiveCfg = Debug|Any CPU
		{0785AF98-33BC-41AC-A7B4-B1AE99CD4615}.Debug|Any CPU.Build.0 = Debug|Any CPU
		{0785AF98-33BC-41AC-A7B4-B1AE99CD4615}.Release|Any CPU.ActiveCfg = Release|Any CPU
		{0785AF98-33BC-41AC-A7B4-B1AE99CD4615}.Release|Any CPU.Build.0 = Release|Any CPU
		{C25EA2B2-8BB9-424E-97E7-4A9E31C21B83}.Debug|Any CPU.ActiveCfg = Debug|Any CPU
		{C25EA2B2-8BB9-424E-97E7-4A9E31C21B83}.Debug|Any CPU.Build.0 = Debug|Any CPU
		{C25EA2B2-8BB9-424E-97E7-4A9E31C21B83}.Release|Any CPU.ActiveCfg = Release|Any CPU
		{C25EA2B2-8BB9-424E-97E7-4A9E31C21B83}.Release|Any CPU.Build.0 = Release|Any CPU
		{8141FFC4-D9C1-466D-8C9F-8AEEABB078FC}.Debug|Any CPU.ActiveCfg = Debug|Any CPU
		{8141FFC4-D9C1-466D-8C9F-8AEEABB078FC}.Debug|Any CPU.Build.0 = Debug|Any CPU
		{8141FFC4-D9C1-466D-8C9F-8AEEABB078FC}.Release|Any CPU.ActiveCfg = Release|Any CPU
		{8141FFC4-D9C1-466D-8C9F-8AEEABB078FC}.Release|Any CPU.Build.0 = Release|Any CPU
	EndGlobalSection
	GlobalSection(SolutionProperties) = preSolution
		HideSolutionNode = FALSE
	EndGlobalSection
	GlobalSection(ExtensibilityGlobals) = postSolution
		SolutionGuid = {62FA5755-7305-46BD-A64C-CE953F3E3EEE}
	EndGlobalSection
EndGlobal
